github.com/jeffgreenca/gd-c v0.0.0-20210111211014-9c4b7afee06a h1:/SsfopfOqASAGe1wez7oxyv32qV3JJYqbnFepQ+4EyQ=
github.com/jeffgreenca/gd-c v0.0.0-20210111211014-9c4b7afee06a/go.mod h1:3bM2YcAwcNMRSpKXSdPwcC0LFdjRZZ+bavAO4U+qopQ=
github.com/jeffgreenca/gd-c v0.0.0-20210111212304-5bac2d081c3d h1:ueTyJtgrUC4BtPnkiW0pMEE/cr0e7fPcOruVJ7rRw5w=
github.com/jeffgreenca/gd-c v0.0.0-20210111212304-5bac2d081c3d/go.mod h1:bgVOYi6FKtFIKV8lP0DNOG+1o2tjL7hp0m9Enlu5/TY=
